// !$*UTF8*$!
{
	archiveVersion = 1;
	classes = {
	};
	objectVersion = 46;
	objects = {

/* Begin PBXBuildFile section */
		9FD2D90918D7C4CC005CDBEA /* Foundation.framework in Frameworks */ = {isa = PBXBuildFile; fileRef = 9FD2D90818D7C4CC005CDBEA /* Foundation.framework */; };
		9FD2D90B18D7C4CC005CDBEA /* CoreGraphics.framework in Frameworks */ = {isa = PBXBuildFile; fileRef = 9FD2D90A18D7C4CC005CDBEA /* CoreGraphics.framework */; };
		9FD2D90D18D7C4CC005CDBEA /* UIKit.framework in Frameworks */ = {isa = PBXBuildFile; fileRef = 9FD2D90C18D7C4CC005CDBEA /* UIKit.framework */; };
		9FD2D91318D7C4CC005CDBEA /* InfoPlist.strings in Resources */ = {isa = PBXBuildFile; fileRef = 9FD2D91118D7C4CC005CDBEA /* InfoPlist.strings */; };
		9FD2D91518D7C4CC005CDBEA /* main.m in Sources */ = {isa = PBXBuildFile; fileRef = 9FD2D91418D7C4CC005CDBEA /* main.m */; };
		9FD2D91918D7C4CC005CDBEA /* OWAppDelegate.m in Sources */ = {isa = PBXBuildFile; fileRef = 9FD2D91818D7C4CC005CDBEA /* OWAppDelegate.m */; };
		9FD2D91C18D7C4CC005CDBEA /* Main.storyboard in Resources */ = {isa = PBXBuildFile; fileRef = 9FD2D91A18D7C4CC005CDBEA /* Main.storyboard */; };
		9FD2D92118D7C4CC005CDBEA /* Images.xcassets in Resources */ = {isa = PBXBuildFile; fileRef = 9FD2D92018D7C4CC005CDBEA /* Images.xcassets */; };
		9FD2D92818D7C4CC005CDBEA /* XCTest.framework in Frameworks */ = {isa = PBXBuildFile; fileRef = 9FD2D92718D7C4CC005CDBEA /* XCTest.framework */; };
		9FD2D92918D7C4CC005CDBEA /* Foundation.framework in Frameworks */ = {isa = PBXBuildFile; fileRef = 9FD2D90818D7C4CC005CDBEA /* Foundation.framework */; };
		9FD2D92A18D7C4CC005CDBEA /* UIKit.framework in Frameworks */ = {isa = PBXBuildFile; fileRef = 9FD2D90C18D7C4CC005CDBEA /* UIKit.framework */; };
		9FD2D93218D7C4CC005CDBEA /* InfoPlist.strings in Resources */ = {isa = PBXBuildFile; fileRef = 9FD2D93018D7C4CC005CDBEA /* InfoPlist.strings */; };
		9FD2D93418D7C4CC005CDBEA /* Out_Of_This_WorldTests.m in Sources */ = {isa = PBXBuildFile; fileRef = 9FD2D93318D7C4CC005CDBEA /* Out_Of_This_WorldTests.m */; };
		9FD2D93F18D7C5EA005CDBEA /* OWOViewController.m in Sources */ = {isa = PBXBuildFile; fileRef = 9FD2D93E18D7C5EA005CDBEA /* OWOViewController.m */; };
/* End PBXBuildFile section */

/* Begin PBXContainerItemProxy section */
		9FD2D92B18D7C4CC005CDBEA /* PBXContainerItemProxy */ = {
			isa = PBXContainerItemProxy;
			containerPortal = 9FD2D8FD18D7C4CC005CDBEA /* Project object */;
			proxyType = 1;
			remoteGlobalIDString = 9FD2D90418D7C4CC005CDBEA;
			remoteInfo = "Out Of This World";
		};
/* End PBXContainerItemProxy section */

/* Begin PBXFileReference section */
		9FD2D90518D7C4CC005CDBEA /* Out Of This World.app */ = {isa = PBXFileReference; explicitFileType = wrapper.application; includeInIndex = 0; path = "Out Of This World.app"; sourceTree = BUILT_PRODUCTS_DIR; };
		9FD2D90818D7C4CC005CDBEA /* Foundation.framework */ = {isa = PBXFileReference; lastKnownFileType = wrapper.framework; name = Foundation.framework; path = System/Library/Frameworks/Foundation.framework; sourceTree = SDKROOT; };
		9FD2D90A18D7C4CC005CDBEA /* CoreGraphics.framework */ = {isa = PBXFileReference; lastKnownFileType = wrapper.framework; name = CoreGraphics.framework; path = System/Library/Frameworks/CoreGraphics.framework; sourceTree = SDKROOT; };
		9FD2D90C18D7C4CC005CDBEA /* UIKit.framework */ = {isa = PBXFileReference; lastKnownFileType = wrapper.framework; name = UIKit.framework; path = System/Library/Frameworks/UIKit.framework; sourceTree = SDKROOT; };
		9FD2D91018D7C4CC005CDBEA /* Out Of This World-Info.plist */ = {isa = PBXFileReference; lastKnownFileType = text.plist.xml; path = "Out Of This World-Info.plist"; sourceTree = "<group>"; };
		9FD2D91218D7C4CC005CDBEA /* en */ = {isa = PBXFileReference; lastKnownFileType = text.plist.strings; name = en; path = en.lproj/InfoPlist.strings; sourceTree = "<group>"; };
		9FD2D91418D7C4CC005CDBEA /* main.m */ = {isa = PBXFileReference; lastKnownFileType = sourcecode.c.objc; path = main.m; sourceTree = "<group>"; };
		9FD2D91618D7C4CC005CDBEA /* Out Of This World-Prefix.pch */ = {isa = PBXFileReference; lastKnownFileType = sourcecode.c.h; path = "Out Of This World-Prefix.pch"; sourceTree = "<group>"; };
		9FD2D91718D7C4CC005CDBEA /* OWAppDelegate.h */ = {isa = PBXFileReference; lastKnownFileType = sourcecode.c.h; path = OWAppDelegate.h; sourceTree = "<group>"; };
		9FD2D91818D7C4CC005CDBEA /* OWAppDelegate.m */ = {isa = PBXFileReference; lastKnownFileType = sourcecode.c.objc; path = OWAppDelegate.m; sourceTree = "<group>"; };
		9FD2D91B18D7C4CC005CDBEA /* Base */ = {isa = PBXFileReference; lastKnownFileType = file.storyboard; name = Base; path = Base.lproj/Main.storyboard; sourceTree = "<group>"; };
		9FD2D92018D7C4CC005CDBEA /* Images.xcassets */ = {isa = PBXFileReference; lastKnownFileType = folder.assetcatalog; path = Images.xcassets; sourceTree = "<group>"; };
		9FD2D92618D7C4CC005CDBEA /* Out Of This WorldTests.xctest */ = {isa = PBXFileReference; explicitFileType = wrapper.cfbundle; includeInIndex = 0; path = "Out Of This WorldTests.xctest"; sourceTree = BUILT_PRODUCTS_DIR; };
		9FD2D92718D7C4CC005CDBEA /* XCTest.framework */ = {isa = PBXFileReference; lastKnownFileType = wrapper.framework; name = XCTest.framework; path = Library/Frameworks/XCTest.framework; sourceTree = DEVELOPER_DIR; };
		9FD2D92F18D7C4CC005CDBEA /* Out Of This WorldTests-Info.plist */ = {isa = PBXFileReference; lastKnownFileType = text.plist.xml; path = "Out Of This WorldTests-Info.plist"; sourceTree = "<group>"; };
		9FD2D93118D7C4CC005CDBEA /* en */ = {isa = PBXFileReference; lastKnownFileType = text.plist.strings; name = en; path = en.lproj/InfoPlist.strings; sourceTree = "<group>"; };
		9FD2D93318D7C4CC005CDBEA /* Out_Of_This_WorldTests.m */ = {isa = PBXFileReference; lastKnownFileType = sourcecode.c.objc; path = Out_Of_This_WorldTests.m; sourceTree = "<group>"; };
		9FD2D93D18D7C5EA005CDBEA /* OWOViewController.h */ = {isa = PBXFileReference; fileEncoding = 4; lastKnownFileType = sourcecode.c.h; path = OWOViewController.h; sourceTree = "<group>"; };
		9FD2D93E18D7C5EA005CDBEA /* OWOViewController.m */ = {isa = PBXFileReference; fileEncoding = 4; lastKnownFileType = sourcecode.c.objc; path = OWOViewController.m; sourceTree = "<group>"; };
/* End PBXFileReference section */

/* Begin PBXFrameworksBuildPhase section */
		9FD2D90218D7C4CC005CDBEA /* Frameworks */ = {
			isa = PBXFrameworksBuildPhase;
			buildActionMask = 2147483647;
			files = (
				9FD2D90B18D7C4CC005CDBEA /* CoreGraphics.framework in Frameworks */,
				9FD2D90D18D7C4CC005CDBEA /* UIKit.framework in Frameworks */,
				9FD2D90918D7C4CC005CDBEA /* Foundation.framework in Frameworks */,
			);
			runOnlyForDeploymentPostprocessing = 0;
		};
		9FD2D92318D7C4CC005CDBEA /* Frameworks */ = {
			isa = PBXFrameworksBuildPhase;
			buildActionMask = 2147483647;
			files = (
				9FD2D92818D7C4CC005CDBEA /* XCTest.framework in Frameworks */,
				9FD2D92A18D7C4CC005CDBEA /* UIKit.framework in Frameworks */,
				9FD2D92918D7C4CC005CDBEA /* Foundation.framework in Frameworks */,
			);
			runOnlyForDeploymentPostprocessing = 0;
		};
/* End PBXFrameworksBuildPhase section */

/* Begin PBXGroup section */
		9FD2D8FC18D7C4CC005CDBEA = {
			isa = PBXGroup;
			children = (
				9FD2D90E18D7C4CC005CDBEA /* Out Of This World */,
				9FD2D92D18D7C4CC005CDBEA /* Out Of This WorldTests */,
				9FD2D90718D7C4CC005CDBEA /* Frameworks */,
				9FD2D90618D7C4CC005CDBEA /* Products */,
			);
			sourceTree = "<group>";
		};
		9FD2D90618D7C4CC005CDBEA /* Products */ = {
			isa = PBXGroup;
			children = (
				9FD2D90518D7C4CC005CDBEA /* Out Of This World.app */,
				9FD2D92618D7C4CC005CDBEA /* Out Of This WorldTests.xctest */,
			);
			name = Products;
			sourceTree = "<group>";
		};
		9FD2D90718D7C4CC005CDBEA /* Frameworks */ = {
			isa = PBXGroup;
			children = (
				9FD2D90818D7C4CC005CDBEA /* Foundation.framework */,
				9FD2D90A18D7C4CC005CDBEA /* CoreGraphics.framework */,
				9FD2D90C18D7C4CC005CDBEA /* UIKit.framework */,
				9FD2D92718D7C4CC005CDBEA /* XCTest.framework */,
			);
			name = Frameworks;
			sourceTree = "<group>";
		};
		9FD2D90E18D7C4CC005CDBEA /* Out Of This World */ = {
			isa = PBXGroup;
			children = (
				9FD2D91718D7C4CC005CDBEA /* OWAppDelegate.h */,
				9FD2D91818D7C4CC005CDBEA /* OWAppDelegate.m */,
				9FD2D91A18D7C4CC005CDBEA /* Main.storyboard */,
				9FD2D93D18D7C5EA005CDBEA /* OWOViewController.h */,
				9FD2D93E18D7C5EA005CDBEA /* OWOViewController.m */,
				9FD2D92018D7C4CC005CDBEA /* Images.xcassets */,
				9FD2D90F18D7C4CC005CDBEA /* Supporting Files */,
			);
			path = "Out Of This World";
			sourceTree = "<group>";
		};
		9FD2D90F18D7C4CC005CDBEA /* Supporting Files */ = {
			isa = PBXGroup;
			children = (
				9FD2D91018D7C4CC005CDBEA /* Out Of This World-Info.plist */,
				9FD2D91118D7C4CC005CDBEA /* InfoPlist.strings */,
				9FD2D91418D7C4CC005CDBEA /* main.m */,
				9FD2D91618D7C4CC005CDBEA /* Out Of This World-Prefix.pch */,
			);
			name = "Supporting Files";
			sourceTree = "<group>";
		};
		9FD2D92D18D7C4CC005CDBEA /* Out Of This WorldTests */ = {
			isa = PBXGroup;
			children = (
				9FD2D93318D7C4CC005CDBEA /* Out_Of_This_WorldTests.m */,
				9FD2D92E18D7C4CC005CDBEA /* Supporting Files */,
			);
			path = "Out Of This WorldTests";
			sourceTree = "<group>";
		};
		9FD2D92E18D7C4CC005CDBEA /* Supporting Files */ = {
			isa = PBXGroup;
			children = (
				9FD2D92F18D7C4CC005CDBEA /* Out Of This WorldTests-Info.plist */,
				9FD2D93018D7C4CC005CDBEA /* InfoPlist.strings */,
			);
			name = "Supporting Files";
			sourceTree = "<group>";
		};
/* End PBXGroup section */

/* Begin PBXNativeTarget section */
		9FD2D90418D7C4CC005CDBEA /* Out Of This World */ = {
			isa = PBXNativeTarget;
			buildConfigurationList = 9FD2D93718D7C4CC005CDBEA /* Build configuration list for PBXNativeTarget "Out Of This World" */;
			buildPhases = (
				9FD2D90118D7C4CC005CDBEA /* Sources */,
				9FD2D90218D7C4CC005CDBEA /* Frameworks */,
				9FD2D90318D7C4CC005CDBEA /* Resources */,
			);
			buildRules = (
			);
			dependencies = (
			);
			name = "Out Of This World";
			productName = "Out Of This World";
			productReference = 9FD2D90518D7C4CC005CDBEA /* Out Of This World.app */;
			productType = "com.apple.product-type.application";
		};
		9FD2D92518D7C4CC005CDBEA /* Out Of This WorldTests */ = {
			isa = PBXNativeTarget;
			buildConfigurationList = 9FD2D93A18D7C4CC005CDBEA /* Build configuration list for PBXNativeTarget "Out Of This WorldTests" */;
			buildPhases = (
				9FD2D92218D7C4CC005CDBEA /* Sources */,
				9FD2D92318D7C4CC005CDBEA /* Frameworks */,
				9FD2D92418D7C4CC005CDBEA /* Resources */,
			);
			buildRules = (
			);
			dependencies = (
				9FD2D92C18D7C4CC005CDBEA /* PBXTargetDependency */,
			);
			name = "Out Of This WorldTests";
			productName = "Out Of This WorldTests";
			productReference = 9FD2D92618D7C4CC005CDBEA /* Out Of This WorldTests.xctest */;
			productType = "com.apple.product-type.bundle.unit-test";
		};
/* End PBXNativeTarget section */

/* Begin PBXProject section */
		9FD2D8FD18D7C4CC005CDBEA /* Project object */ = {
			isa = PBXProject;
			attributes = {
				CLASSPREFIX = OW;
				LastUpgradeCheck = 0500;
				ORGANIZATIONNAME = yibeitech;
				TargetAttributes = {
					9FD2D92518D7C4CC005CDBEA = {
						TestTargetID = 9FD2D90418D7C4CC005CDBEA;
					};
				};
			};
			buildConfigurationList = 9FD2D90018D7C4CC005CDBEA /* Build configuration list for PBXProject "Out Of This World" */;
			compatibilityVersion = "Xcode 3.2";
			developmentRegion = English;
			hasScannedForEncodings = 0;
			knownRegions = (
				en,
				Base,
			);
			mainGroup = 9FD2D8FC18D7C4CC005CDBEA;
			productRefGroup = 9FD2D90618D7C4CC005CDBEA /* Products */;
			projectDirPath = "";
			projectRoot = "";
			targets = (
				9FD2D90418D7C4CC005CDBEA /* Out Of This World */,
				9FD2D92518D7C4CC005CDBEA /* Out Of This WorldTests */,
			);
		};
/* End PBXProject section */

/* Begin PBXResourcesBuildPhase section */
		9FD2D90318D7C4CC005CDBEA /* Resources */ = {
			isa = PBXResourcesBuildPhase;
			buildActionMask = 2147483647;
			files = (
				9FD2D92118D7C4CC005CDBEA /* Images.xcassets in Resources */,
				9FD2D91318D7C4CC005CDBEA /* InfoPlist.strings in Resources */,
				9FD2D91C18D7C4CC005CDBEA /* Main.storyboard in Resources */,
			);
			runOnlyForDeploymentPostprocessing = 0;
		};
		9FD2D92418D7C4CC005CDBEA /* Resources */ = {
			isa = PBXResourcesBuildPhase;
			buildActionMask = 2147483647;
			files = (
				9FD2D93218D7C4CC005CDBEA /* InfoPlist.strings in Resources */,
			);
			runOnlyForDeploymentPostprocessing = 0;
		};
/* End PBXResourcesBuildPhase section */

/* Begin PBXSourcesBuildPhase section */
		9FD2D90118D7C4CC005CDBEA /* Sources */ = {
			isa = PBXSourcesBuildPhase;
			buildActionMask = 2147483647;
			files = (
				9FD2D91918D7C4CC005CDBEA /* OWAppDelegate.m in Sources */,
				9FD2D93F18D7C5EA005CDBEA /* OWOViewController.m in Sources */,
				9FD2D91518D7C4CC005CDBEA /* main.m in Sources */,
			);
			runOnlyForDeploymentPostprocessing = 0;
		};
		9FD2D92218D7C4CC005CDBEA /* Sources */ = {
			isa = PBXSourcesBuildPhase;
			buildActionMask = 2147483647;
			files = (
				9FD2D93418D7C4CC005CDBEA /* Out_Of_This_WorldTests.m in Sources */,
			);
			runOnlyForDeploymentPostprocessing = 0;
		};
/* End PBXSourcesBuildPhase section */

/* Begin PBXTargetDependency section */
		9FD2D92C18D7C4CC005CDBEA /* PBXTargetDependency */ = {
			isa = PBXTargetDependency;
			target = 9FD2D90418D7C4CC005CDBEA /* Out Of This World */;
			targetProxy = 9FD2D92B18D7C4CC005CDBEA /* PBXContainerItemProxy */;
		};
/* End PBXTargetDependency section */

/* Begin PBXVariantGroup section */
		9FD2D91118D7C4CC005CDBEA /* InfoPlist.strings */ = {
			isa = PBXVariantGroup;
			children = (
				9FD2D91218D7C4CC005CDBEA /* en */,
			);
			name = InfoPlist.strings;
			sourceTree = "<group>";
		};
		9FD2D91A18D7C4CC005CDBEA /* Main.storyboard */ = {
			isa = PBXVariantGroup;
			children = (
				9FD2D91B18D7C4CC005CDBEA /* Base */,
			);
			name = Main.storyboard;
			sourceTree = "<group>";
		};
		9FD2D93018D7C4CC005CDBEA /* InfoPlist.strings */ = {
			isa = PBXVariantGroup;
			children = (
				9FD2D93118D7C4CC005CDBEA /* en */,
			);
			name = InfoPlist.strings;
			sourceTree = "<group>";
		};
/* End PBXVariantGroup section */

/* Begin XCBuildConfiguration section */
		9FD2D93518D7C4CC005CDBEA /* Debug */ = {
			isa = XCBuildConfiguration;
			buildSettings = {
				ALWAYS_SEARCH_USER_PATHS = NO;
				ARCHS = "$(ARCHS_STANDARD_INCLUDING_64_BIT)";
				CLANG_CXX_LANGUAGE_STANDARD = "gnu++0x";
				CLANG_CXX_LIBRARY = "libc++";
				CLANG_ENABLE_MODULES = YES;
				CLANG_ENABLE_OBJC_ARC = YES;
				CLANG_WARN_BOOL_CONVERSION = YES;
				CLANG_WARN_CONSTANT_CONVERSION = YES;
				CLANG_WARN_DIRECT_OBJC_ISA_USAGE = YES_ERROR;
				CLANG_WARN_EMPTY_BODY = YES;
				CLANG_WARN_ENUM_CONVERSION = YES;
				CLANG_WARN_INT_CONVERSION = YES;
				CLANG_WARN_OBJC_ROOT_CLASS = YES_ERROR;
				CLANG_WARN__DUPLICATE_METHOD_MATCH = YES;
				"CODE_SIGN_IDENTITY[sdk=iphoneos*]" = "iPhone Developer";
				COPY_PHASE_STRIP = NO;
				GCC_C_LANGUAGE_STANDARD = gnu99;
				GCC_DYNAMIC_NO_PIC = NO;
				GCC_OPTIMIZATION_LEVEL = 0;
				GCC_PREPROCESSOR_DEFINITIONS = (
					"DEBUG=1",
					"$(inherited)",
				);
				GCC_SYMBOLS_PRIVATE_EXTERN = NO;
				GCC_WARN_64_TO_32_BIT_CONVERSION = YES;
				GCC_WARN_ABOUT_RETURN_TYPE = YES_ERROR;
				GCC_WARN_UNDECLARED_SELECTOR = YES;
				GCC_WARN_UNINITIALIZED_AUTOS = YES;
				GCC_WARN_UNUSED_FUNCTION = YES;
				GCC_WARN_UNUSED_VARIABLE = YES;
				IPHONEOS_DEPLOYMENT_TARGET = 7.0;
				ONLY_ACTIVE_ARCH = YES;
				SDKROOT = iphoneos;
			};
			name = Debug;
		};
		9FD2D93618D7C4CC005CDBEA /* Release */ = {
			isa = XCBuildConfiguration;
			buildSettings = {
				ALWAYS_SEARCH_USER_PATHS = NO;
				ARCHS = "$(ARCHS_STANDARD_INCLUDING_64_BIT)";
				CLANG_CXX_LANGUAGE_STANDARD = "gnu++0x";
				CLANG_CXX_LIBRARY = "libc++";
				CLANG_ENABLE_MODULES = YES;
				CLANG_ENABLE_OBJC_ARC = YES;
				CLANG_WARN_BOOL_CONVERSION = YES;
				CLANG_WARN_CONSTANT_CONVERSION = YES;
				CLANG_WARN_DIRECT_OBJC_ISA_USAGE = YES_ERROR;
				CLANG_WARN_EMPTY_BODY = YES;
				CLANG_WARN_ENUM_CONVERSION = YES;
				CLANG_WARN_INT_CONVERSION = YES;
				CLANG_WARN_OBJC_ROOT_CLASS = YES_ERROR;
				CLANG_WARN__DUPLICATE_METHOD_MATCH = YES;
				"CODE_SIGN_IDENTITY[sdk=iphoneos*]" = "iPhone Developer";
				COPY_PHASE_STRIP = YES;
				ENABLE_NS_ASSERTIONS = NO;
				GCC_C_LANGUAGE_STANDARD = gnu99;
				GCC_WARN_64_TO_32_BIT_CONVERSION = YES;
				GCC_WARN_ABOUT_RETURN_TYPE = YES_ERROR;
				GCC_WARN_UNDECLARED_SELECTOR = YES;
				GCC_WARN_UNINITIALIZED_AUTOS = YES;
				GCC_WARN_UNUSED_FUNCTION = YES;
				GCC_WARN_UNUSED_VARIABLE = YES;
				IPHONEOS_DEPLOYMENT_TARGET = 7.0;
				SDKROOT = iphoneos;
				VALIDATE_PRODUCT = YES;
			};
			name = Release;
		};
		9FD2D93818D7C4CC005CDBEA /* Debug */ = {
			isa = XCBuildConfiguration;
			buildSettings = {
				ASSETCATALOG_COMPILER_APPICON_NAME = AppIcon;
				ASSETCATALOG_COMPILER_LAUNCHIMAGE_NAME = LaunchImage;
				GCC_PRECOMPILE_PREFIX_HEADER = YES;
				GCC_PREFIX_HEADER = "Out Of This World/Out Of This World-Prefix.pch";
				INFOPLIST_FILE = "Out Of This World/Out Of This World-Info.plist";
				PRODUCT_NAME = "$(TARGET_NAME)";
				WRAPPER_EXTENSION = app;
			};
			name = Debug;
		};
		9FD2D93918D7C4CC005CDBEA /* Release */ = {
			isa = XCBuildConfiguration;
			buildSettings = {
				ASSETCATALOG_COMPILER_APPICON_NAME = AppIcon;
				ASSETCATALOG_COMPILER_LAUNCHIMAGE_NAME = LaunchImage;
				GCC_PRECOMPILE_PREFIX_HEADER = YES;
				GCC_PREFIX_HEADER = "Out Of This World/Out Of This World-Prefix.pch";
				INFOPLIST_FILE = "Out Of This World/Out Of This World-Info.plist";
				PRODUCT_NAME = "$(TARGET_NAME)";
				WRAPPER_EXTENSION = app;
			};
			name = Release;
		};
		9FD2D93B18D7C4CC005CDBEA /* Debug */ = {
			isa = XCBuildConfiguration;
			buildSettings = {
				ARCHS = "$(ARCHS_STANDARD_INCLUDING_64_BIT)";
				BUNDLE_LOADER = "$(BUILT_PRODUCTS_DIR)/Out Of This World.app/Out Of This World";
				FRAMEWORK_SEARCH_PATHS = (
					"$(SDKROOT)/Developer/Library/Frameworks",
					"$(inherited)",
					"$(DEVELOPER_FRAMEWORKS_DIR)",
				);
				GCC_PRECOMPILE_PREFIX_HEADER = YES;
				GCC_PREFIX_HEADER = "Out Of This World/Out Of This World-Prefix.pch";
				GCC_PREPROCESSOR_DEFINITIONS = (
					"DEBUG=1",
					"$(inherited)",
				);
				INFOPLIST_FILE = "Out Of This WorldTests/Out Of This WorldTests-Info.plist";
				PRODUCT_NAME = "$(TARGET_NAME)";
				TEST_HOST = "$(BUNDLE_LOADER)";
				WRAPPER_EXTENSION = xctest;
			};
			name = Debug;
		};
		9FD2D93C18D7C4CC005CDBEA /* Release */ = {
			isa = XCBuildConfiguration;
			buildSettings = {
				ARCHS = "$(ARCHS_STANDARD_INCLUDING_64_BIT)";
				BUNDLE_LOADER = "$(BUILT_PRODUCTS_DIR)/Out Of This World.app/Out Of This World";
				FRAMEWORK_SEARCH_PATHS = (
					"$(SDKROOT)/Developer/Library/Frameworks",
					"$(inherited)",
					"$(DEVELOPER_FRAMEWORKS_DIR)",
				);
				GCC_PRECOMPILE_PREFIX_HEADER = YES;
				GCC_PREFIX_HEADER = "Out Of This World/Out Of This World-Prefix.pch";
				INFOPLIST_FILE = "Out Of This WorldTests/Out Of This WorldTests-Info.plist";
				PRODUCT_NAME = "$(TARGET_NAME)";
				TEST_HOST = "$(BUNDLE_LOADER)";
				WRAPPER_EXTENSION = xctest;
			};
			name = Release;
		};
/* End XCBuildConfiguration section */

/* Begin XCConfigurationList section */
		9FD2D90018D7C4CC005CDBEA /* Build configuration list for PBXProject "Out Of This World" */ = {
			isa = XCConfigurationList;
			buildConfigurations = (
				9FD2D93518D7C4CC005CDBEA /* Debug */,
				9FD2D93618D7C4CC005CDBEA /* Release */,
			);
			defaultConfigurationIsVisible = 0;
			defaultConfigurationName = Release;
		};
		9FD2D93718D7C4CC005CDBEA /* Build configuration list for PBXNativeTarget "Out Of This World" */ = {
			isa = XCConfigurationList;
			buildConfigurations = (
				9FD2D93818D7C4CC005CDBEA /* Debug */,
				9FD2D93918D7C4CC005CDBEA /* Release */,
			);
			defaultConfigurationIsVisible = 0;
		};
		9FD2D93A18D7C4CC005CDBEA /* Build configuration list for PBXNativeTarget "Out Of This WorldTests" */ = {
			isa = XCConfigurationList;
			buildConfigurations = (
				9FD2D93B18D7C4CC005CDBEA /* Debug */,
				9FD2D93C18D7C4CC005CDBEA /* Release */,
			);
			defaultConfigurationIsVisible = 0;
		};
/* End XCConfigurationList section */
	};
	rootObject = 9FD2D8FD18D7C4CC005CDBEA /* Project object */;
}
